
Microsoft Visual Studio Solution File, Format Version 12.00
# Visual Studio 2012
Project("{FAE04EC0-301F-11D3-BF4B-00C04F79EFBC}") = "SkrumManagerService", "SkrumManagerService\SkrumManagerService.csproj", "{43F484F2-7845-410E-B649-D2EEC02565FB}"
EndProject
Project("{FAE04EC0-301F-11D3-BF4B-00C04F79EFBC}") = "ServiceDebugger", "ServiceDebugger\ServiceDebugger.csproj", "{72E1A260-4A5F-481A-B914-7652A2D43AD0}"
EndProject
Global
	GlobalSection(SolutionConfigurationPlatforms) = preSolution
		Debug|Any CPU = Debug|Any CPU
		Release|Any CPU = Release|Any CPU
	EndGlobalSection
	GlobalSection(ProjectConfigurationPlatforms) = postSolution
		{43F484F2-7845-410E-B649-D2EEC02565FB}.Debug|Any CPU.ActiveCfg = Debug|Any CPU
		{43F484F2-7845-410E-B649-D2EEC02565FB}.Debug|Any CPU.Build.0 = Debug|Any CPU
		{43F484F2-7845-410E-B649-D2EEC02565FB}.Release|Any CPU.ActiveCfg = Release|Any CPU
		{43F484F2-7845-410E-B649-D2EEC02565FB}.Release|Any CPU.Build.0 = Release|Any CPU
		{72E1A260-4A5F-481A-B914-7652A2D43AD0}.Debug|Any CPU.ActiveCfg = Debug|Any CPU
		{72E1A260-4A5F-481A-B914-7652A2D43AD0}.Debug|Any CPU.Build.0 = Debug|Any CPU
		{72E1A260-4A5F-481A-B914-7652A2D43AD0}.Release|Any CPU.ActiveCfg = Release|Any CPU
		{72E1A260-4A5F-481A-B914-7652A2D43AD0}.Release|Any CPU.Build.0 = Release|Any CPU
	EndGlobalSection
	GlobalSection(SolutionProperties) = preSolution
		HideSolutionNode = FALSE
	EndGlobalSection
EndGlobal
